
Microsoft Visual Studio Solution File, Format Version 12.00
# Visual Studio Version 17
VisualStudioVersion = 17.5.33414.496
MinimumVisualStudioVersion = 10.0.40219.1
Project("{FAE04EC0-301F-11D3-BF4B-00C04F79EFBC}") = "cnCuadrado", "cnCuadrado.csproj", "{55E18DD2-EA78-4764-9ACC-DDD4EA59A445}"
EndProject
Global
	GlobalSection(SolutionConfigurationPlatforms) = preSolution
		Debug|Any CPU = Debug|Any CPU
		Release|Any CPU = Release|Any CPU
	EndGlobalSection
	GlobalSection(ProjectConfigurationPlatforms) = postSolution
		{55E18DD2-EA78-4764-9ACC-DDD4EA59A445}.Debug|Any CPU.ActiveCfg = Debug|Any CPU
		{55E18DD2-EA78-4764-9ACC-DDD4EA59A445}.Debug|Any CPU.Build.0 = Debug|Any CPU
		{55E18DD2-EA78-4764-9ACC-DDD4EA59A445}.Release|Any CPU.ActiveCfg = Release|Any CPU
		{55E18DD2-EA78-4764-9ACC-DDD4EA59A445}.Release|Any CPU.Build.0 = Release|Any CPU
	EndGlobalSection
	GlobalSection(SolutionProperties) = preSolution
		HideSolutionNode = FALSE
	EndGlobalSection
	GlobalSection(ExtensibilityGlobals) = postSolution
		SolutionGuid = {C0232687-1369-436D-80A9-4C4EF421BC94}
	EndGlobalSection
EndGlobal
